
Microsoft Visual Studio Solution File, Format Version 12.00
# Visual Studio Version 17
VisualStudioVersion = 17.4.33403.182
MinimumVisualStudioVersion = 10.0.40219.1
Project("{FAE04EC0-301F-11D3-BF4B-00C04F79EFBC}") = "TimeEditorGorillaTag", "TimeEditorGorillaTag\TimeEditorGorillaTag.csproj", "{561E505D-639E-4E37-A50E-25BB1C017793}"
EndProject
Global
	GlobalSection(SolutionConfigurationPlatforms) = preSolution
		Debug|Any CPU = Debug|Any CPU
		Release|Any CPU = Release|Any CPU
	EndGlobalSection
	GlobalSection(ProjectConfigurationPlatforms) = postSolution
		{561E505D-639E-4E37-A50E-25BB1C017793}.Debug|Any CPU.ActiveCfg = Debug|Any CPU
		{561E505D-639E-4E37-A50E-25BB1C017793}.Debug|Any CPU.Build.0 = Debug|Any CPU
		{561E505D-639E-4E37-A50E-25BB1C017793}.Release|Any CPU.ActiveCfg = Release|Any CPU
		{561E505D-639E-4E37-A50E-25BB1C017793}.Release|Any CPU.Build.0 = Release|Any CPU
	EndGlobalSection
	GlobalSection(SolutionProperties) = preSolution
		HideSolutionNode = FALSE
	EndGlobalSection
	GlobalSection(ExtensibilityGlobals) = postSolution
		SolutionGuid = {5D33A644-A143-4217-B5FB-1DA4EE2680E1}
	EndGlobalSection
EndGlobal
