
Microsoft Visual Studio Solution File, Format Version 12.00
# Visual Studio Version 17
VisualStudioVersion = 17.4.33403.182
MinimumVisualStudioVersion = 10.0.40219.1
Project("{FAE04EC0-301F-11D3-BF4B-00C04F79EFBC}") = "MakeVersion Form", "MakeVersion Form\MakeVersion Form.csproj", "{B85855D7-4474-4684-9FFD-0D9ADB11E613}"
EndProject
Global
	GlobalSection(SolutionConfigurationPlatforms) = preSolution
		Debug|Any CPU = Debug|Any CPU
		Release|Any CPU = Release|Any CPU
	EndGlobalSection
	GlobalSection(ProjectConfigurationPlatforms) = postSolution
		{B85855D7-4474-4684-9FFD-0D9ADB11E613}.Debug|Any CPU.ActiveCfg = Release|Any CPU
		{B85855D7-4474-4684-9FFD-0D9ADB11E613}.Debug|Any CPU.Build.0 = Release|Any CPU
		{B85855D7-4474-4684-9FFD-0D9ADB11E613}.Release|Any CPU.ActiveCfg = Release|Any CPU
		{B85855D7-4474-4684-9FFD-0D9ADB11E613}.Release|Any CPU.Build.0 = Release|Any CPU
	EndGlobalSection
	GlobalSection(SolutionProperties) = preSolution
		HideSolutionNode = FALSE
	EndGlobalSection
	GlobalSection(ExtensibilityGlobals) = postSolution
		SolutionGuid = {77ACF1C5-A046-4D42-B383-2FCC09BA336E}
	EndGlobalSection
EndGlobal
